
Microsoft Visual Studio Solution File, Format Version 12.00
# Visual Studio Version 16
VisualStudioVersion = 16.0.29709.97
MinimumVisualStudioVersion = 10.0.40219.1
Project("{9A19103F-16F7-4668-BE54-9A1E7A4F7556}") = "SSServer", "SSServer\SSServer.csproj", "{568CCBD0-D931-411B-BF70-3DC32D682D8D}"
EndProject
Project("{9A19103F-16F7-4668-BE54-9A1E7A4F7556}") = "SSCommon", "SSCommon\SSCommon.csproj", "{C5B9254A-158C-4CCF-BC6D-A316A4076EE2}"
EndProject
Project("{9A19103F-16F7-4668-BE54-9A1E7A4F7556}") = "SSClient", "SSClient\SSClient.csproj", "{EFE7F7D4-774D-4873-9ED5-FF2F86B2CC4E}"
EndProject
Global
	GlobalSection(SolutionConfigurationPlatforms) = preSolution
		Debug|Any CPU = Debug|Any CPU
		Release|Any CPU = Release|Any CPU
	EndGlobalSection
	GlobalSection(ProjectConfigurationPlatforms) = postSolution
		{568CCBD0-D931-411B-BF70-3DC32D682D8D}.Debug|Any CPU.ActiveCfg = Debug|Any CPU
		{568CCBD0-D931-411B-BF70-3DC32D682D8D}.Debug|Any CPU.Build.0 = Debug|Any CPU
		{568CCBD0-D931-411B-BF70-3DC32D682D8D}.Release|Any CPU.ActiveCfg = Release|Any CPU
		{568CCBD0-D931-411B-BF70-3DC32D682D8D}.Release|Any CPU.Build.0 = Release|Any CPU
		{C5B9254A-158C-4CCF-BC6D-A316A4076EE2}.Debug|Any CPU.ActiveCfg = Debug|Any CPU
		{C5B9254A-158C-4CCF-BC6D-A316A4076EE2}.Debug|Any CPU.Build.0 = Debug|Any CPU
		{C5B9254A-158C-4CCF-BC6D-A316A4076EE2}.Release|Any CPU.ActiveCfg = Release|Any CPU
		{C5B9254A-158C-4CCF-BC6D-A316A4076EE2}.Release|Any CPU.Build.0 = Release|Any CPU
		{EFE7F7D4-774D-4873-9ED5-FF2F86B2CC4E}.Debug|Any CPU.ActiveCfg = Debug|Any CPU
		{EFE7F7D4-774D-4873-9ED5-FF2F86B2CC4E}.Debug|Any CPU.Build.0 = Debug|Any CPU
		{EFE7F7D4-774D-4873-9ED5-FF2F86B2CC4E}.Release|Any CPU.ActiveCfg = Release|Any CPU
		{EFE7F7D4-774D-4873-9ED5-FF2F86B2CC4E}.Release|Any CPU.Build.0 = Release|Any CPU
	EndGlobalSection
	GlobalSection(SolutionProperties) = preSolution
		HideSolutionNode = FALSE
	EndGlobalSection
	GlobalSection(ExtensibilityGlobals) = postSolution
		SolutionGuid = {2ECE7A7A-84EA-4CF9-809C-38350358E2CC}
	EndGlobalSection
EndGlobal
